<?xml version="1.0" encoding="utf-8"?>
<Project ToolsVersion="4.0" xmlns="http://schemas.microsoft.com/developer/msbuild/2003">
  <ItemGroup>
    <Filter Include="Source Files">
      <UniqueIdentifier>{4FC737F1-C7A5-4376-A066-2A32D752A2FF}</UniqueIdentifier>
      <Extensions>cpp;c;cc;cxx;c++;cppm;ixx;def;odl;idl;hpj;bat;asm;asmx</Extensions>
    </Filter>
    <Filter Include="Header Files">
      <UniqueIdentifier>{93995380-89BD-4b04-88EB-625FBE52EBFB}</UniqueIdentifier>
      <Extensions>h;hh;hpp;hxx;h++;hm;inl;inc;ipp;xsd</Extensions>
    </Filter>
    <Filter Include="Resource Files">
      <UniqueIdentifier>{67DA6AB6-F800-4c08-8B7A-83BB121AAD01}</UniqueIdentifier>
      <Extensions>rc;ico;cur;bmp;dlg;rc2;rct;bin;rgs;gif;jpg;jpeg;jpe;resx;tiff;tif;png;wav;mfcribbon-ms</Extensions>
    </Filter>
    <Filter Include="Socket">
      <UniqueIdentifier>{2851e735-4c1b-47c6-b920-09dd1fda19c5}</UniqueIdentifier>
    </Filter>
    <Filter Include="Utils">
      <UniqueIdentifier>{04c48d5b-c1ad-4416-90a4-b9ed0fa47f92}</UniqueIdentifier>
    </Filter>
    <Filter Include="Image">
      <UniqueIdentifier>{9bc33ec5-be0b-4ac7-a863-1224175621e7}</UniqueIdentifier>
    </Filter>
    <Filter Include="InternalMapper">
      <UniqueIdentifier>{e68c20f8-c403-4416-a0fd-3e676ad5a1ae}</UniqueIdentifier>
    </Filter>
    <Filter Include="InternalMapper\Remote">
      <UniqueIdentifier>{dc1a3391-a751-460f-8662-2af3a0de9b43}</UniqueIdentifier>
    </Filter>
    <Filter Include="CMapper">
      <UniqueIdentifier>{704fc7a9-7e38-4c53-a603-ee2cbcfbd36c}</UniqueIdentifier>
    </Filter>
    <Filter Include="obsfucator">
      <UniqueIdentifier>{edd4988b-e437-431a-ad75-bdd977f8cfda}</UniqueIdentifier>
    </Filter>
  </ItemGroup>
  <ItemGroup>
    <ClInclude Include="framework.h">
      <Filter>Header Files</Filter>
    </ClInclude>
    <ClInclude Include="pch.h">
      <Filter>Header Files</Filter>
    </ClInclude>
    <ClInclude Include="includes.h">
      <Filter>Header Files</Filter>
    </ClInclude>
    <ClInclude Include="main.h">
      <Filter>Header Files</Filter>
    </ClInclude>
    <ClInclude Include="Utils.h">
      <Filter>Utils</Filter>
    </ClInclude>
    <ClInclude Include="Map.h">
      <Filter>InternalMapper</Filter>
    </ClInclude>
    <ClInclude Include="RemoteMapper.h">
      <Filter>InternalMapper\Remote</Filter>
    </ClInclude>
    <ClInclude Include="PortableExecutable.hpp">
      <Filter>CMapper</Filter>
    </ClInclude>
    <ClInclude Include="BinaryPacket.h">
      <Filter>Header Files</Filter>
    </ClInclude>
    <ClInclude Include="CMapper.hpp">
      <Filter>Header Files</Filter>
    </ClInclude>
    <ClInclude Include="Handler.h">
      <Filter>Header Files</Filter>
    </ClInclude>
    <ClInclude Include="PacketType.h">
      <Filter>Header Files</Filter>
    </ClInclude>
    <ClInclude Include="minhook\hde\hde32.h">
      <Filter>Header Files</Filter>
    </ClInclude>
    <ClInclude Include="minhook\hde\hde64.h">
      <Filter>Header Files</Filter>
    </ClInclude>
    <ClInclude Include="minhook\hde\pstdint.h">
      <Filter>Header Files</Filter>
    </ClInclude>
    <ClInclude Include="minhook\hde\table32.h">
      <Filter>Header Files</Filter>
    </ClInclude>
    <ClInclude Include="minhook\hde\table64.h">
      <Filter>Header Files</Filter>
    </ClInclude>
    <ClInclude Include="minhook\buffer.h">
      <Filter>Header Files</Filter>
    </ClInclude>
    <ClInclude Include="minhook\MinHook.h">
      <Filter>Header Files</Filter>
    </ClInclude>
    <ClInclude Include="minhook\trampoline.h">
      <Filter>Header Files</Filter>
    </ClInclude>
  </ItemGroup>
  <ItemGroup>
    <ClCompile Include="dllmain.cpp">
      <Filter>Source Files</Filter>
    </ClCompile>
    <ClCompile Include="Utils.cpp">
      <Filter>Utils</Filter>
    </ClCompile>
    <ClCompile Include="Map.cpp">
      <Filter>InternalMapper</Filter>
    </ClCompile>
    <ClCompile Include="RemoteMapper.cpp">
      <Filter>InternalMapper\Remote</Filter>
    </ClCompile>
    <ClCompile Include="BinaryPacket.cpp">
      <Filter>Source Files</Filter>
    </ClCompile>
    <ClCompile Include="Handler.cpp">
      <Filter>Source Files</Filter>
    </ClCompile>
    <ClCompile Include="MessageHandler.cpp">
      <Filter>Source Files</Filter>
    </ClCompile>
    <ClCompile Include="OnBinary.cpp">
      <Filter>Source Files</Filter>
    </ClCompile>
    <ClCompile Include="shellcode.cpp">
      <Filter>Image</Filter>
    </ClCompile>
    <ClCompile Include="UtilsCheat.cpp">
      <Filter>Source Files</Filter>
    </ClCompile>
    <ClCompile Include="obfuscate.cpp">
      <Filter>Source Files</Filter>
    </ClCompile>
    <ClCompile Include="load.cpp">
      <Filter>Source Files</Filter>
    </ClCompile>
    <ClCompile Include="minhook\hde\hde32.c">
      <Filter>Source Files</Filter>
    </ClCompile>
    <ClCompile Include="minhook\hde\hde64.c">
      <Filter>Source Files</Filter>
    </ClCompile>
    <ClCompile Include="minhook\buffer.c">
      <Filter>Source Files</Filter>
    </ClCompile>
    <ClCompile Include="minhook\hook.c">
      <Filter>Source Files</Filter>
    </ClCompile>
    <ClCompile Include="minhook\trampoline.c">
      <Filter>Source Files</Filter>
    </ClCompile>
  </ItemGroup>
  <ItemGroup>
    <Library Include="..\ServerMapper\libssl.lib" />
    <Library Include="..\ServerMapper\zlibstat.lib" />
    <Library Include="..\ServerMapper\libcrypto.lib" />
  </ItemGroup>
</Project>